// !$*UTF8*$!
{
	archiveVersion = 1;
	classes = {
	};
	objectVersion = 46;
	objects = {

/* Begin PBXBuildFile section */
		D72C0A471B783C070010B4B4 /* citydict.plist in Resources */ = {isa = PBXBuildFile; fileRef = D72C0A461B783C070010B4B4 /* citydict.plist */; };
		D74AB13C1B50C590003E1792 /* UIColor+FromHex.m in Sources */ = {isa = PBXBuildFile; fileRef = D74AB13B1B50C590003E1792 /* UIColor+FromHex.m */; };
		D74AB13F1B50C599003E1792 /* UIColor+Extension.m in Sources */ = {isa = PBXBuildFile; fileRef = D74AB13E1B50C599003E1792 /* UIColor+Extension.m */; };
		D74AB1461B50C5B5003E1792 /* SKImageWithLabel.m in Sources */ = {isa = PBXBuildFile; fileRef = D74AB1411B50C5B5003E1792 /* SKImageWithLabel.m */; };
		D74AB1471B50C5B5003E1792 /* NoticeContentView.m in Sources */ = {isa = PBXBuildFile; fileRef = D74AB1431B50C5B5003E1792 /* NoticeContentView.m */; };
		D74AB1481B50C5B5003E1792 /* SKPopoverListView.m in Sources */ = {isa = PBXBuildFile; fileRef = D74AB1451B50C5B5003E1792 /* SKPopoverListView.m */; };
		D74AB14B1B50C5BD003E1792 /* UIButton+UIButtonImageWithLable.m in Sources */ = {isa = PBXBuildFile; fileRef = D74AB14A1B50C5BD003E1792 /* UIButton+UIButtonImageWithLable.m */; };
		D74CEE9B1B83262000BD379B /* XMLDictionary.m in Sources */ = {isa = PBXBuildFile; fileRef = D74CEE9A1B83262000BD379B /* XMLDictionary.m */; };
		D74CEE9C1B83262000BD379B /* XMLDictionary.m in Sources */ = {isa = PBXBuildFile; fileRef = D74CEE9A1B83262000BD379B /* XMLDictionary.m */; };
		D76C09E31B44D90E00747FC3 /* SKObject.m in Sources */ = {isa = PBXBuildFile; fileRef = D76C09E21B44D90E00747FC3 /* SKObject.m */; };
		D76C09E61B44D92600747FC3 /* SKButton.m in Sources */ = {isa = PBXBuildFile; fileRef = D76C09E51B44D92600747FC3 /* SKButton.m */; };
		D76C09E91B44D93700747FC3 /* SKLabel.m in Sources */ = {isa = PBXBuildFile; fileRef = D76C09E81B44D93700747FC3 /* SKLabel.m */; };
		D76C09EF1B44DA7B00747FC3 /* SKUserDefaults.m in Sources */ = {isa = PBXBuildFile; fileRef = D76C09EE1B44DA7B00747FC3 /* SKUserDefaults.m */; };
		D76C09FA1B44DAB800747FC3 /* JSONStrToDict.m in Sources */ = {isa = PBXBuildFile; fileRef = D76C09F11B44DAB800747FC3 /* JSONStrToDict.m */; };
		D76C09FB1B44DAB800747FC3 /* NSDictionary+JSON.m in Sources */ = {isa = PBXBuildFile; fileRef = D76C09F31B44DAB800747FC3 /* NSDictionary+JSON.m */; };
		D76C09FC1B44DAB800747FC3 /* NSString+JSONCategories.m in Sources */ = {isa = PBXBuildFile; fileRef = D76C09F51B44DAB800747FC3 /* NSString+JSONCategories.m */; };
		D76C09FD1B44DAB800747FC3 /* StringUtil.m in Sources */ = {isa = PBXBuildFile; fileRef = D76C09F71B44DAB800747FC3 /* StringUtil.m */; };
		D76C09FE1B44DAB800747FC3 /* TimeUtil.m in Sources */ = {isa = PBXBuildFile; fileRef = D76C09F91B44DAB800747FC3 /* TimeUtil.m */; };
		D76C0A041B44DF6D00747FC3 /* SKBannerView.m in Sources */ = {isa = PBXBuildFile; fileRef = D76C0A031B44DF6D00747FC3 /* SKBannerView.m */; };
		D7989B441B5E7CE900BCFC8D /* SKBorderView.m in Sources */ = {isa = PBXBuildFile; fileRef = D7989B431B5E7CE900BCFC8D /* SKBorderView.m */; };
		D7989B461B5E7D8500BCFC8D /* QuartzCore.framework in Frameworks */ = {isa = PBXBuildFile; fileRef = D7989B451B5E7D8500BCFC8D /* QuartzCore.framework */; };
		D7B2B4461B44D32300C7BE84 /* main.m in Sources */ = {isa = PBXBuildFile; fileRef = D7B2B4451B44D32300C7BE84 /* main.m */; };
		D7B2B4491B44D32400C7BE84 /* AppDelegate.m in Sources */ = {isa = PBXBuildFile; fileRef = D7B2B4481B44D32400C7BE84 /* AppDelegate.m */; };
		D7B2B44F1B44D32500C7BE84 /* Main.storyboard in Resources */ = {isa = PBXBuildFile; fileRef = D7B2B44D1B44D32500C7BE84 /* Main.storyboard */; };
		D7B2B4511B44D32500C7BE84 /* Images.xcassets in Resources */ = {isa = PBXBuildFile; fileRef = D7B2B4501B44D32500C7BE84 /* Images.xcassets */; };
		D7B2B4541B44D32500C7BE84 /* LaunchScreen.xib in Resources */ = {isa = PBXBuildFile; fileRef = D7B2B4521B44D32500C7BE84 /* LaunchScreen.xib */; };
		D7B2B4601B44D32500C7BE84 /* SKProjectTests.m in Sources */ = {isa = PBXBuildFile; fileRef = D7B2B45F1B44D32500C7BE84 /* SKProjectTests.m */; };
		D7B2B4731B44D59000C7BE84 /* SKBaseViewController.m in Sources */ = {isa = PBXBuildFile; fileRef = D7B2B4701B44D59000C7BE84 /* SKBaseViewController.m */; };
		D7B2B4741B44D59000C7BE84 /* ViewController.m in Sources */ = {isa = PBXBuildFile; fileRef = D7B2B4721B44D59000C7BE84 /* ViewController.m */; };
		D7D6CE331B5782BF0076D4E8 /* UILabel+AutoSizeMakeWidthORHeight.m in Sources */ = {isa = PBXBuildFile; fileRef = D7D6CE321B5782BF0076D4E8 /* UILabel+AutoSizeMakeWidthORHeight.m */; };
/* End PBXBuildFile section */

/* Begin PBXContainerItemProxy section */
		D7B2B45A1B44D32500C7BE84 /* PBXContainerItemProxy */ = {
			isa = PBXContainerItemProxy;
			containerPortal = D7B2B4381B44D31F00C7BE84 /* Project object */;
			proxyType = 1;
			remoteGlobalIDString = D7B2B43F1B44D32000C7BE84;
			remoteInfo = SKProject;
		};
/* End PBXContainerItemProxy section */

/* Begin PBXFileReference section */
		D72C0A461B783C070010B4B4 /* citydict.plist */ = {isa = PBXFileReference; fileEncoding = 4; lastKnownFileType = text.plist.xml; path = citydict.plist; sourceTree = "<group>"; };
		D74AB13A1B50C590003E1792 /* UIColor+FromHex.h */ = {isa = PBXFileReference; fileEncoding = 4; lastKnownFileType = sourcecode.c.h; path = "UIColor+FromHex.h"; sourceTree = "<group>"; };
		D74AB13B1B50C590003E1792 /* UIColor+FromHex.m */ = {isa = PBXFileReference; fileEncoding = 4; lastKnownFileType = sourcecode.c.objc; path = "UIColor+FromHex.m"; sourceTree = "<group>"; };
		D74AB13D1B50C599003E1792 /* UIColor+Extension.h */ = {isa = PBXFileReference; fileEncoding = 4; lastKnownFileType = sourcecode.c.h; path = "UIColor+Extension.h"; sourceTree = "<group>"; };
		D74AB13E1B50C599003E1792 /* UIColor+Extension.m */ = {isa = PBXFileReference; fileEncoding = 4; lastKnownFileType = sourcecode.c.objc; path = "UIColor+Extension.m"; sourceTree = "<group>"; };
		D74AB1401B50C5B5003E1792 /* SKImageWithLabel.h */ = {isa = PBXFileReference; fileEncoding = 4; lastKnownFileType = sourcecode.c.h; path = SKImageWithLabel.h; sourceTree = "<group>"; };
		D74AB1411B50C5B5003E1792 /* SKImageWithLabel.m */ = {isa = PBXFileReference; fileEncoding = 4; lastKnownFileType = sourcecode.c.objc; path = SKImageWithLabel.m; sourceTree = "<group>"; };
		D74AB1421B50C5B5003E1792 /* NoticeContentView.h */ = {isa = PBXFileReference; fileEncoding = 4; lastKnownFileType = sourcecode.c.h; path = NoticeContentView.h; sourceTree = "<group>"; };
		D74AB1431B50C5B5003E1792 /* NoticeContentView.m */ = {isa = PBXFileReference; fileEncoding = 4; lastKnownFileType = sourcecode.c.objc; path = NoticeContentView.m; sourceTree = "<group>"; };
		D74AB1441B50C5B5003E1792 /* SKPopoverListView.h */ = {isa = PBXFileReference; fileEncoding = 4; lastKnownFileType = sourcecode.c.h; path = SKPopoverListView.h; sourceTree = "<group>"; };
		D74AB1451B50C5B5003E1792 /* SKPopoverListView.m */ = {isa = PBXFileReference; fileEncoding = 4; lastKnownFileType = sourcecode.c.objc; path = SKPopoverListView.m; sourceTree = "<group>"; };
		D74AB1491B50C5BD003E1792 /* UIButton+UIButtonImageWithLable.h */ = {isa = PBXFileReference; fileEncoding = 4; lastKnownFileType = sourcecode.c.h; path = "UIButton+UIButtonImageWithLable.h"; sourceTree = "<group>"; };
		D74AB14A1B50C5BD003E1792 /* UIButton+UIButtonImageWithLable.m */ = {isa = PBXFileReference; fileEncoding = 4; lastKnownFileType = sourcecode.c.objc; path = "UIButton+UIButtonImageWithLable.m"; sourceTree = "<group>"; };
		D74CEE991B83262000BD379B /* XMLDictionary.h */ = {isa = PBXFileReference; fileEncoding = 4; lastKnownFileType = sourcecode.c.h; path = XMLDictionary.h; sourceTree = "<group>"; };
		D74CEE9A1B83262000BD379B /* XMLDictionary.m */ = {isa = PBXFileReference; fileEncoding = 4; lastKnownFileType = sourcecode.c.objc; path = XMLDictionary.m; sourceTree = "<group>"; };
		D76C09E11B44D90E00747FC3 /* SKObject.h */ = {isa = PBXFileReference; fileEncoding = 4; lastKnownFileType = sourcecode.c.h; path = SKObject.h; sourceTree = "<group>"; };
		D76C09E21B44D90E00747FC3 /* SKObject.m */ = {isa = PBXFileReference; fileEncoding = 4; lastKnownFileType = sourcecode.c.objc; path = SKObject.m; sourceTree = "<group>"; };
		D76C09E41B44D92600747FC3 /* SKButton.h */ = {isa = PBXFileReference; fileEncoding = 4; lastKnownFileType = sourcecode.c.h; path = SKButton.h; sourceTree = "<group>"; };
		D76C09E51B44D92600747FC3 /* SKButton.m */ = {isa = PBXFileReference; fileEncoding = 4; lastKnownFileType = sourcecode.c.objc; path = SKButton.m; sourceTree = "<group>"; };
		D76C09E71B44D93700747FC3 /* SKLabel.h */ = {isa = PBXFileReference; fileEncoding = 4; lastKnownFileType = sourcecode.c.h; path = SKLabel.h; sourceTree = "<group>"; };
		D76C09E81B44D93700747FC3 /* SKLabel.m */ = {isa = PBXFileReference; fileEncoding = 4; lastKnownFileType = sourcecode.c.objc; path = SKLabel.m; sourceTree = "<group>"; };
		D76C09EA1B44D95700747FC3 /* SKConst.h */ = {isa = PBXFileReference; fileEncoding = 4; lastKnownFileType = sourcecode.c.h; path = SKConst.h; sourceTree = "<group>"; };
		D76C09ED1B44DA7B00747FC3 /* SKUserDefaults.h */ = {isa = PBXFileReference; fileEncoding = 4; lastKnownFileType = sourcecode.c.h; path = SKUserDefaults.h; sourceTree = "<group>"; };
		D76C09EE1B44DA7B00747FC3 /* SKUserDefaults.m */ = {isa = PBXFileReference; fileEncoding = 4; lastKnownFileType = sourcecode.c.objc; path = SKUserDefaults.m; sourceTree = "<group>"; };
		D76C09F01B44DAB800747FC3 /* JSONStrToDict.h */ = {isa = PBXFileReference; fileEncoding = 4; lastKnownFileType = sourcecode.c.h; path = JSONStrToDict.h; sourceTree = "<group>"; };
		D76C09F11B44DAB800747FC3 /* JSONStrToDict.m */ = {isa = PBXFileReference; fileEncoding = 4; lastKnownFileType = sourcecode.c.objc; path = JSONStrToDict.m; sourceTree = "<group>"; };
		D76C09F21B44DAB800747FC3 /* NSDictionary+JSON.h */ = {isa = PBXFileReference; fileEncoding = 4; lastKnownFileType = sourcecode.c.h; path = "NSDictionary+JSON.h"; sourceTree = "<group>"; };
		D76C09F31B44DAB800747FC3 /* NSDictionary+JSON.m */ = {isa = PBXFileReference; fileEncoding = 4; lastKnownFileType = sourcecode.c.objc; path = "NSDictionary+JSON.m"; sourceTree = "<group>"; };
		D76C09F41B44DAB800747FC3 /* NSString+JSONCategories.h */ = {isa = PBXFileReference; fileEncoding = 4; lastKnownFileType = sourcecode.c.h; path = "NSString+JSONCategories.h"; sourceTree = "<group>"; };
		D76C09F51B44DAB800747FC3 /* NSString+JSONCategories.m */ = {isa = PBXFileReference; fileEncoding = 4; lastKnownFileType = sourcecode.c.objc; path = "NSString+JSONCategories.m"; sourceTree = "<group>"; };
		D76C09F61B44DAB800747FC3 /* StringUtil.h */ = {isa = PBXFileReference; fileEncoding = 4; lastKnownFileType = sourcecode.c.h; path = StringUtil.h; sourceTree = "<group>"; };
		D76C09F71B44DAB800747FC3 /* StringUtil.m */ = {isa = PBXFileReference; fileEncoding = 4; lastKnownFileType = sourcecode.c.objc; path = StringUtil.m; sourceTree = "<group>"; };
		D76C09F81B44DAB800747FC3 /* TimeUtil.h */ = {isa = PBXFileReference; fileEncoding = 4; lastKnownFileType = sourcecode.c.h; path = TimeUtil.h; sourceTree = "<group>"; };
		D76C09F91B44DAB800747FC3 /* TimeUtil.m */ = {isa = PBXFileReference; fileEncoding = 4; lastKnownFileType = sourcecode.c.objc; path = TimeUtil.m; sourceTree = "<group>"; };
		D76C0A021B44DF6D00747FC3 /* SKBannerView.h */ = {isa = PBXFileReference; fileEncoding = 4; lastKnownFileType = sourcecode.c.h; path = SKBannerView.h; sourceTree = "<group>"; };
		D76C0A031B44DF6D00747FC3 /* SKBannerView.m */ = {isa = PBXFileReference; fileEncoding = 4; lastKnownFileType = sourcecode.c.objc; path = SKBannerView.m; sourceTree = "<group>"; };
		D7989B421B5E7CE900BCFC8D /* SKBorderView.h */ = {isa = PBXFileReference; fileEncoding = 4; lastKnownFileType = sourcecode.c.h; path = SKBorderView.h; sourceTree = "<group>"; };
		D7989B431B5E7CE900BCFC8D /* SKBorderView.m */ = {isa = PBXFileReference; fileEncoding = 4; lastKnownFileType = sourcecode.c.objc; path = SKBorderView.m; sourceTree = "<group>"; };
		D7989B451B5E7D8500BCFC8D /* QuartzCore.framework */ = {isa = PBXFileReference; lastKnownFileType = wrapper.framework; name = QuartzCore.framework; path = System/Library/Frameworks/QuartzCore.framework; sourceTree = SDKROOT; };
		D7B2B4401B44D32100C7BE84 /* SKProject.app */ = {isa = PBXFileReference; explicitFileType = wrapper.application; includeInIndex = 0; path = SKProject.app; sourceTree = BUILT_PRODUCTS_DIR; };
		D7B2B4441B44D32300C7BE84 /* Info.plist */ = {isa = PBXFileReference; lastKnownFileType = text.plist.xml; path = Info.plist; sourceTree = "<group>"; };
		D7B2B4451B44D32300C7BE84 /* main.m */ = {isa = PBXFileReference; lastKnownFileType = sourcecode.c.objc; path = main.m; sourceTree = "<group>"; };
		D7B2B4471B44D32400C7BE84 /* AppDelegate.h */ = {isa = PBXFileReference; lastKnownFileType = sourcecode.c.h; path = AppDelegate.h; sourceTree = "<group>"; };
		D7B2B4481B44D32400C7BE84 /* AppDelegate.m */ = {isa = PBXFileReference; lastKnownFileType = sourcecode.c.objc; path = AppDelegate.m; sourceTree = "<group>"; };
		D7B2B44E1B44D32500C7BE84 /* Base */ = {isa = PBXFileReference; lastKnownFileType = file.storyboard; name = Base; path = Base.lproj/Main.storyboard; sourceTree = "<group>"; };
		D7B2B4501B44D32500C7BE84 /* Images.xcassets */ = {isa = PBXFileReference; lastKnownFileType = folder.assetcatalog; path = Images.xcassets; sourceTree = "<group>"; };
		D7B2B4531B44D32500C7BE84 /* Base */ = {isa = PBXFileReference; lastKnownFileType = file.xib; name = Base; path = Base.lproj/LaunchScreen.xib; sourceTree = "<group>"; };
		D7B2B4591B44D32500C7BE84 /* SKProjectTests.xctest */ = {isa = PBXFileReference; explicitFileType = wrapper.cfbundle; includeInIndex = 0; path = SKProjectTests.xctest; sourceTree = BUILT_PRODUCTS_DIR; };
		D7B2B45E1B44D32500C7BE84 /* Info.plist */ = {isa = PBXFileReference; lastKnownFileType = text.plist.xml; path = Info.plist; sourceTree = "<group>"; };
		D7B2B45F1B44D32500C7BE84 /* SKProjectTests.m */ = {isa = PBXFileReference; lastKnownFileType = sourcecode.c.objc; path = SKProjectTests.m; sourceTree = "<group>"; };
		D7B2B46F1B44D59000C7BE84 /* SKBaseViewController.h */ = {isa = PBXFileReference; fileEncoding = 4; lastKnownFileType = sourcecode.c.h; path = SKBaseViewController.h; sourceTree = "<group>"; };
		D7B2B4701B44D59000C7BE84 /* SKBaseViewController.m */ = {isa = PBXFileReference; fileEncoding = 4; lastKnownFileType = sourcecode.c.objc; path = SKBaseViewController.m; sourceTree = "<group>"; };
		D7B2B4711B44D59000C7BE84 /* ViewController.h */ = {isa = PBXFileReference; fileEncoding = 4; lastKnownFileType = sourcecode.c.h; path = ViewController.h; sourceTree = "<group>"; };
		D7B2B4721B44D59000C7BE84 /* ViewController.m */ = {isa = PBXFileReference; fileEncoding = 4; lastKnownFileType = sourcecode.c.objc; path = ViewController.m; sourceTree = "<group>"; };
		D7D6CE311B5782BE0076D4E8 /* UILabel+AutoSizeMakeWidthORHeight.h */ = {isa = PBXFileReference; fileEncoding = 4; lastKnownFileType = sourcecode.c.h; path = "UILabel+AutoSizeMakeWidthORHeight.h"; sourceTree = "<group>"; };
		D7D6CE321B5782BF0076D4E8 /* UILabel+AutoSizeMakeWidthORHeight.m */ = {isa = PBXFileReference; fileEncoding = 4; lastKnownFileType = sourcecode.c.objc; path = "UILabel+AutoSizeMakeWidthORHeight.m"; sourceTree = "<group>"; };
/* End PBXFileReference section */

/* Begin PBXFrameworksBuildPhase section */
		D7B2B43D1B44D32000C7BE84 /* Frameworks */ = {
			isa = PBXFrameworksBuildPhase;
			buildActionMask = 2147483647;
			files = (
				D7989B461B5E7D8500BCFC8D /* QuartzCore.framework in Frameworks */,
			);
			runOnlyForDeploymentPostprocessing = 0;
		};
		D7B2B4561B44D32500C7BE84 /* Frameworks */ = {
			isa = PBXFrameworksBuildPhase;
			buildActionMask = 2147483647;
			files = (
			);
			runOnlyForDeploymentPostprocessing = 0;
		};
/* End PBXFrameworksBuildPhase section */

/* Begin PBXGroup section */
		D7B2B4371B44D31E00C7BE84 = {
			isa = PBXGroup;
			children = (
				D7989B451B5E7D8500BCFC8D /* QuartzCore.framework */,
				D7B2B4421B44D32100C7BE84 /* SKProject */,
				D7B2B45C1B44D32500C7BE84 /* SKProjectTests */,
				D7B2B4411B44D32100C7BE84 /* Products */,
			);
			sourceTree = "<group>";
		};
		D7B2B4411B44D32100C7BE84 /* Products */ = {
			isa = PBXGroup;
			children = (
				D7B2B4401B44D32100C7BE84 /* SKProject.app */,
				D7B2B4591B44D32500C7BE84 /* SKProjectTests.xctest */,
			);
			name = Products;
			sourceTree = "<group>";
		};
		D7B2B4421B44D32100C7BE84 /* SKProject */ = {
			isa = PBXGroup;
			children = (
				D7B2B46C1B44D55D00C7BE84 /* SKControllers */,
				D7B2B46D1B44D55D00C7BE84 /* SKImages */,
				D7B2B46E1B44D55D00C7BE84 /* SKTools */,
				D7B2B4471B44D32400C7BE84 /* AppDelegate.h */,
				D7B2B4481B44D32400C7BE84 /* AppDelegate.m */,
				D72C0A461B783C070010B4B4 /* citydict.plist */,
				D7B2B44D1B44D32500C7BE84 /* Main.storyboard */,
				D7B2B4501B44D32500C7BE84 /* Images.xcassets */,
				D7B2B4521B44D32500C7BE84 /* LaunchScreen.xib */,
				D7B2B4431B44D32200C7BE84 /* Supporting Files */,
			);
			path = SKProject;
			sourceTree = "<group>";
		};
		D7B2B4431B44D32200C7BE84 /* Supporting Files */ = {
			isa = PBXGroup;
			children = (
				D7B2B4441B44D32300C7BE84 /* Info.plist */,
				D7B2B4451B44D32300C7BE84 /* main.m */,
			);
			name = "Supporting Files";
			sourceTree = "<group>";
		};
		D7B2B45C1B44D32500C7BE84 /* SKProjectTests */ = {
			isa = PBXGroup;
			children = (
				D7B2B45F1B44D32500C7BE84 /* SKProjectTests.m */,
				D7B2B45D1B44D32500C7BE84 /* Supporting Files */,
			);
			path = SKProjectTests;
			sourceTree = "<group>";
		};
		D7B2B45D1B44D32500C7BE84 /* Supporting Files */ = {
			isa = PBXGroup;
			children = (
				D7B2B45E1B44D32500C7BE84 /* Info.plist */,
			);
			name = "Supporting Files";
			sourceTree = "<group>";
		};
		D7B2B46C1B44D55D00C7BE84 /* SKControllers */ = {
			isa = PBXGroup;
			children = (
				D7B2B46F1B44D59000C7BE84 /* SKBaseViewController.h */,
				D7B2B4701B44D59000C7BE84 /* SKBaseViewController.m */,
				D7B2B4711B44D59000C7BE84 /* ViewController.h */,
				D7B2B4721B44D59000C7BE84 /* ViewController.m */,
			);
			path = SKControllers;
			sourceTree = "<group>";
		};
		D7B2B46D1B44D55D00C7BE84 /* SKImages */ = {
			isa = PBXGroup;
			children = (
			);
			path = SKImages;
			sourceTree = "<group>";
		};
		D7B2B46E1B44D55D00C7BE84 /* SKTools */ = {
			isa = PBXGroup;
			children = (
				D76C09EA1B44D95700747FC3 /* SKConst.h */,
				D76C09E11B44D90E00747FC3 /* SKObject.h */,
				D76C09E21B44D90E00747FC3 /* SKObject.m */,
				D76C09E41B44D92600747FC3 /* SKButton.h */,
				D76C09E51B44D92600747FC3 /* SKButton.m */,
				D76C09E71B44D93700747FC3 /* SKLabel.h */,
				D76C09E81B44D93700747FC3 /* SKLabel.m */,
				D76C09ED1B44DA7B00747FC3 /* SKUserDefaults.h */,
				D76C09EE1B44DA7B00747FC3 /* SKUserDefaults.m */,
				D76C09F01B44DAB800747FC3 /* JSONStrToDict.h */,
				D76C09F11B44DAB800747FC3 /* JSONStrToDict.m */,
				D76C09F21B44DAB800747FC3 /* NSDictionary+JSON.h */,
				D76C09F31B44DAB800747FC3 /* NSDictionary+JSON.m */,
				D76C09F41B44DAB800747FC3 /* NSString+JSONCategories.h */,
				D76C09F51B44DAB800747FC3 /* NSString+JSONCategories.m */,
				D74CEE991B83262000BD379B /* XMLDictionary.h */,
				D74CEE9A1B83262000BD379B /* XMLDictionary.m */,
				D76C09F61B44DAB800747FC3 /* StringUtil.h */,
				D76C09F71B44DAB800747FC3 /* StringUtil.m */,
				D76C09F81B44DAB800747FC3 /* TimeUtil.h */,
				D76C09F91B44DAB800747FC3 /* TimeUtil.m */,
				D76C0A021B44DF6D00747FC3 /* SKBannerView.h */,
				D76C0A031B44DF6D00747FC3 /* SKBannerView.m */,
				D74AB13A1B50C590003E1792 /* UIColor+FromHex.h */,
				D74AB13B1B50C590003E1792 /* UIColor+FromHex.m */,
				D74AB13D1B50C599003E1792 /* UIColor+Extension.h */,
				D74AB13E1B50C599003E1792 /* UIColor+Extension.m */,
				D74AB1401B50C5B5003E1792 /* SKImageWithLabel.h */,
				D74AB1411B50C5B5003E1792 /* SKImageWithLabel.m */,
				D74AB1421B50C5B5003E1792 /* NoticeContentView.h */,
				D74AB1431B50C5B5003E1792 /* NoticeContentView.m */,
				D74AB1441B50C5B5003E1792 /* SKPopoverListView.h */,
				D74AB1451B50C5B5003E1792 /* SKPopoverListView.m */,
				D74AB1491B50C5BD003E1792 /* UIButton+UIButtonImageWithLable.h */,
				D74AB14A1B50C5BD003E1792 /* UIButton+UIButtonImageWithLable.m */,
				D7D6CE311B5782BE0076D4E8 /* UILabel+AutoSizeMakeWidthORHeight.h */,
				D7D6CE321B5782BF0076D4E8 /* UILabel+AutoSizeMakeWidthORHeight.m */,
				D7989B421B5E7CE900BCFC8D /* SKBorderView.h */,
				D7989B431B5E7CE900BCFC8D /* SKBorderView.m */,
			);
			path = SKTools;
			sourceTree = "<group>";
		};
/* End PBXGroup section */

/* Begin PBXNativeTarget section */
		D7B2B43F1B44D32000C7BE84 /* SKProject */ = {
			isa = PBXNativeTarget;
			buildConfigurationList = D7B2B4631B44D32500C7BE84 /* Build configuration list for PBXNativeTarget "SKProject" */;
			buildPhases = (
				D7B2B43C1B44D32000C7BE84 /* Sources */,
				D7B2B43D1B44D32000C7BE84 /* Frameworks */,
				D7B2B43E1B44D32000C7BE84 /* Resources */,
			);
			buildRules = (
			);
			dependencies = (
			);
			name = SKProject;
			productName = SKProject;
			productReference = D7B2B4401B44D32100C7BE84 /* SKProject.app */;
			productType = "com.apple.product-type.application";
		};
		D7B2B4581B44D32500C7BE84 /* SKProjectTests */ = {
			isa = PBXNativeTarget;
			buildConfigurationList = D7B2B4661B44D32500C7BE84 /* Build configuration list for PBXNativeTarget "SKProjectTests" */;
			buildPhases = (
				D7B2B4551B44D32500C7BE84 /* Sources */,
				D7B2B4561B44D32500C7BE84 /* Frameworks */,
				D7B2B4571B44D32500C7BE84 /* Resources */,
			);
			buildRules = (
			);
			dependencies = (
				D7B2B45B1B44D32500C7BE84 /* PBXTargetDependency */,
			);
			name = SKProjectTests;
			productName = SKProjectTests;
			productReference = D7B2B4591B44D32500C7BE84 /* SKProjectTests.xctest */;
			productType = "com.apple.product-type.bundle.unit-test";
		};
/* End PBXNativeTarget section */

/* Begin PBXProject section */
		D7B2B4381B44D31F00C7BE84 /* Project object */ = {
			isa = PBXProject;
			attributes = {
				LastUpgradeCheck = 0640;
				ORGANIZATIONNAME = shaveKevin;
				TargetAttributes = {
					D7B2B43F1B44D32000C7BE84 = {
						CreatedOnToolsVersion = 6.4;
					};
					D7B2B4581B44D32500C7BE84 = {
						CreatedOnToolsVersion = 6.4;
						TestTargetID = D7B2B43F1B44D32000C7BE84;
					};
				};
			};
			buildConfigurationList = D7B2B43B1B44D31F00C7BE84 /* Build configuration list for PBXProject "SKProject" */;
			compatibilityVersion = "Xcode 3.2";
			developmentRegion = English;
			hasScannedForEncodings = 0;
			knownRegions = (
				en,
				Base,
			);
			mainGroup = D7B2B4371B44D31E00C7BE84;
			productRefGroup = D7B2B4411B44D32100C7BE84 /* Products */;
			projectDirPath = "";
			projectRoot = "";
			targets = (
				D7B2B43F1B44D32000C7BE84 /* SKProject */,
				D7B2B4581B44D32500C7BE84 /* SKProjectTests */,
			);
		};
/* End PBXProject section */

/* Begin PBXResourcesBuildPhase section */
		D7B2B43E1B44D32000C7BE84 /* Resources */ = {
			isa = PBXResourcesBuildPhase;
			buildActionMask = 2147483647;
			files = (
				D7B2B44F1B44D32500C7BE84 /* Main.storyboard in Resources */,
				D72C0A471B783C070010B4B4 /* citydict.plist in Resources */,
				D7B2B4541B44D32500C7BE84 /* LaunchScreen.xib in Resources */,
				D7B2B4511B44D32500C7BE84 /* Images.xcassets in Resources */,
			);
			runOnlyForDeploymentPostprocessing = 0;
		};
		D7B2B4571B44D32500C7BE84 /* Resources */ = {
			isa = PBXResourcesBuildPhase;
			buildActionMask = 2147483647;
			files = (
			);
			runOnlyForDeploymentPostprocessing = 0;
		};
/* End PBXResourcesBuildPhase section */

/* Begin PBXSourcesBuildPhase section */
		D7B2B43C1B44D32000C7BE84 /* Sources */ = {
			isa = PBXSourcesBuildPhase;
			buildActionMask = 2147483647;
			files = (
				D76C09FD1B44DAB800747FC3 /* StringUtil.m in Sources */,
				D76C09EF1B44DA7B00747FC3 /* SKUserDefaults.m in Sources */,
				D7D6CE331B5782BF0076D4E8 /* UILabel+AutoSizeMakeWidthORHeight.m in Sources */,
				D76C09E31B44D90E00747FC3 /* SKObject.m in Sources */,
				D7989B441B5E7CE900BCFC8D /* SKBorderView.m in Sources */,
				D74AB13F1B50C599003E1792 /* UIColor+Extension.m in Sources */,
				D74AB1461B50C5B5003E1792 /* SKImageWithLabel.m in Sources */,
				D7B2B4731B44D59000C7BE84 /* SKBaseViewController.m in Sources */,
				D76C0A041B44DF6D00747FC3 /* SKBannerView.m in Sources */,
				D74CEE9B1B83262000BD379B /* XMLDictionary.m in Sources */,
				D7B2B4491B44D32400C7BE84 /* AppDelegate.m in Sources */,
				D74AB1471B50C5B5003E1792 /* NoticeContentView.m in Sources */,
				D74AB13C1B50C590003E1792 /* UIColor+FromHex.m in Sources */,
				D74AB14B1B50C5BD003E1792 /* UIButton+UIButtonImageWithLable.m in Sources */,
				D76C09E91B44D93700747FC3 /* SKLabel.m in Sources */,
				D7B2B4741B44D59000C7BE84 /* ViewController.m in Sources */,
				D76C09FB1B44DAB800747FC3 /* NSDictionary+JSON.m in Sources */,
				D76C09FA1B44DAB800747FC3 /* JSONStrToDict.m in Sources */,
				D7B2B4461B44D32300C7BE84 /* main.m in Sources */,
				D76C09FC1B44DAB800747FC3 /* NSString+JSONCategories.m in Sources */,
				D76C09E61B44D92600747FC3 /* SKButton.m in Sources */,
				D74AB1481B50C5B5003E1792 /* SKPopoverListView.m in Sources */,
				D76C09FE1B44DAB800747FC3 /* TimeUtil.m in Sources */,
			);
			runOnlyForDeploymentPostprocessing = 0;
		};
		D7B2B4551B44D32500C7BE84 /* Sources */ = {
			isa = PBXSourcesBuildPhase;
			buildActionMask = 2147483647;
			files = (
				D7B2B4601B44D32500C7BE84 /* SKProjectTests.m in Sources */,
				D74CEE9C1B83262000BD379B /* XMLDictionary.m in Sources */,
			);
			runOnlyForDeploymentPostprocessing = 0;
		};
/* End PBXSourcesBuildPhase section */

/* Begin PBXTargetDependency section */
		D7B2B45B1B44D32500C7BE84 /* PBXTargetDependency */ = {
			isa = PBXTargetDependency;
			target = D7B2B43F1B44D32000C7BE84 /* SKProject */;
			targetProxy = D7B2B45A1B44D32500C7BE84 /* PBXContainerItemProxy */;
		};
/* End PBXTargetDependency section */

/* Begin PBXVariantGroup section */
		D7B2B44D1B44D32500C7BE84 /* Main.storyboard */ = {
			isa = PBXVariantGroup;
			children = (
				D7B2B44E1B44D32500C7BE84 /* Base */,
			);
			name = Main.storyboard;
			sourceTree = "<group>";
		};
		D7B2B4521B44D32500C7BE84 /* LaunchScreen.xib */ = {
			isa = PBXVariantGroup;
			children = (
				D7B2B4531B44D32500C7BE84 /* Base */,
			);
			name = LaunchScreen.xib;
			sourceTree = "<group>";
		};
/* End PBXVariantGroup section */

/* Begin XCBuildConfiguration section */
		D7B2B4611B44D32500C7BE84 /* Debug */ = {
			isa = XCBuildConfiguration;
			buildSettings = {
				ALWAYS_SEARCH_USER_PATHS = NO;
				CLANG_CXX_LANGUAGE_STANDARD = "gnu++0x";
				CLANG_CXX_LIBRARY = "libc++";
				CLANG_ENABLE_MODULES = YES;
				CLANG_ENABLE_OBJC_ARC = YES;
				CLANG_WARN_BOOL_CONVERSION = YES;
				CLANG_WARN_CONSTANT_CONVERSION = YES;
				CLANG_WARN_DIRECT_OBJC_ISA_USAGE = YES_ERROR;
				CLANG_WARN_EMPTY_BODY = YES;
				CLANG_WARN_ENUM_CONVERSION = YES;
				CLANG_WARN_INT_CONVERSION = YES;
				CLANG_WARN_OBJC_ROOT_CLASS = YES_ERROR;
				CLANG_WARN_UNREACHABLE_CODE = YES;
				CLANG_WARN__DUPLICATE_METHOD_MATCH = YES;
				"CODE_SIGN_IDENTITY[sdk=iphoneos*]" = "iPhone Developer";
				COPY_PHASE_STRIP = NO;
				DEBUG_INFORMATION_FORMAT = "dwarf-with-dsym";
				ENABLE_STRICT_OBJC_MSGSEND = YES;
				GCC_C_LANGUAGE_STANDARD = gnu99;
				GCC_DYNAMIC_NO_PIC = NO;
				GCC_NO_COMMON_BLOCKS = YES;
				GCC_OPTIMIZATION_LEVEL = 0;
				GCC_PREPROCESSOR_DEFINITIONS = (
					"DEBUG=1",
					"$(inherited)",
				);
				GCC_SYMBOLS_PRIVATE_EXTERN = NO;
				GCC_WARN_64_TO_32_BIT_CONVERSION = YES;
				GCC_WARN_ABOUT_RETURN_TYPE = YES_ERROR;
				GCC_WARN_UNDECLARED_SELECTOR = YES;
				GCC_WARN_UNINITIALIZED_AUTOS = YES_AGGRESSIVE;
				GCC_WARN_UNUSED_FUNCTION = YES;
				GCC_WARN_UNUSED_VARIABLE = YES;
				IPHONEOS_DEPLOYMENT_TARGET = 8.4;
				MTL_ENABLE_DEBUG_INFO = YES;
				ONLY_ACTIVE_ARCH = YES;
				SDKROOT = iphoneos;
			};
			name = Debug;
		};
		D7B2B4621B44D32500C7BE84 /* Release */ = {
			isa = XCBuildConfiguration;
			buildSettings = {
				ALWAYS_SEARCH_USER_PATHS = NO;
				CLANG_CXX_LANGUAGE_STANDARD = "gnu++0x";
				CLANG_CXX_LIBRARY = "libc++";
				CLANG_ENABLE_MODULES = YES;
				CLANG_ENABLE_OBJC_ARC = YES;
				CLANG_WARN_BOOL_CONVERSION = YES;
				CLANG_WARN_CONSTANT_CONVERSION = YES;
				CLANG_WARN_DIRECT_OBJC_ISA_USAGE = YES_ERROR;
				CLANG_WARN_EMPTY_BODY = YES;
				CLANG_WARN_ENUM_CONVERSION = YES;
				CLANG_WARN_INT_CONVERSION = YES;
				CLANG_WARN_OBJC_ROOT_CLASS = YES_ERROR;
				CLANG_WARN_UNREACHABLE_CODE = YES;
				CLANG_WARN__DUPLICATE_METHOD_MATCH = YES;
				"CODE_SIGN_IDENTITY[sdk=iphoneos*]" = "iPhone Developer";
				COPY_PHASE_STRIP = NO;
				DEBUG_INFORMATION_FORMAT = "dwarf-with-dsym";
				ENABLE_NS_ASSERTIONS = NO;
				ENABLE_STRICT_OBJC_MSGSEND = YES;
				GCC_C_LANGUAGE_STANDARD = gnu99;
				GCC_NO_COMMON_BLOCKS = YES;
				GCC_WARN_64_TO_32_BIT_CONVERSION = YES;
				GCC_WARN_ABOUT_RETURN_TYPE = YES_ERROR;
				GCC_WARN_UNDECLARED_SELECTOR = YES;
				GCC_WARN_UNINITIALIZED_AUTOS = YES_AGGRESSIVE;
				GCC_WARN_UNUSED_FUNCTION = YES;
				GCC_WARN_UNUSED_VARIABLE = YES;
				IPHONEOS_DEPLOYMENT_TARGET = 8.4;
				MTL_ENABLE_DEBUG_INFO = NO;
				SDKROOT = iphoneos;
				VALIDATE_PRODUCT = YES;
			};
			name = Release;
		};
		D7B2B4641B44D32500C7BE84 /* Debug */ = {
			isa = XCBuildConfiguration;
			buildSettings = {
				ASSETCATALOG_COMPILER_APPICON_NAME = AppIcon;
				INFOPLIST_FILE = SKProject/Info.plist;
				LD_RUNPATH_SEARCH_PATHS = "$(inherited) @executable_path/Frameworks";
				PRODUCT_NAME = "$(TARGET_NAME)";
			};
			name = Debug;
		};
		D7B2B4651B44D32500C7BE84 /* Release */ = {
			isa = XCBuildConfiguration;
			buildSettings = {
				ASSETCATALOG_COMPILER_APPICON_NAME = AppIcon;
				INFOPLIST_FILE = SKProject/Info.plist;
				LD_RUNPATH_SEARCH_PATHS = "$(inherited) @executable_path/Frameworks";
				PRODUCT_NAME = "$(TARGET_NAME)";
			};
			name = Release;
		};
		D7B2B4671B44D32500C7BE84 /* Debug */ = {
			isa = XCBuildConfiguration;
			buildSettings = {
				BUNDLE_LOADER = "$(TEST_HOST)";
				FRAMEWORK_SEARCH_PATHS = (
					"$(SDKROOT)/Developer/Library/Frameworks",
					"$(inherited)",
				);
				GCC_PREPROCESSOR_DEFINITIONS = (
					"DEBUG=1",
					"$(inherited)",
				);
				INFOPLIST_FILE = SKProjectTests/Info.plist;
				LD_RUNPATH_SEARCH_PATHS = "$(inherited) @executable_path/Frameworks @loader_path/Frameworks";
				PRODUCT_NAME = "$(TARGET_NAME)";
				TEST_HOST = "$(BUILT_PRODUCTS_DIR)/SKProject.app/SKProject";
			};
			name = Debug;
		};
		D7B2B4681B44D32500C7BE84 /* Release */ = {
			isa = XCBuildConfiguration;
			buildSettings = {
				BUNDLE_LOADER = "$(TEST_HOST)";
				FRAMEWORK_SEARCH_PATHS = (
					"$(SDKROOT)/Developer/Library/Frameworks",
					"$(inherited)",
				);
				INFOPLIST_FILE = SKProjectTests/Info.plist;
				LD_RUNPATH_SEARCH_PATHS = "$(inherited) @executable_path/Frameworks @loader_path/Frameworks";
				PRODUCT_NAME = "$(TARGET_NAME)";
				TEST_HOST = "$(BUILT_PRODUCTS_DIR)/SKProject.app/SKProject";
			};
			name = Release;
		};
/* End XCBuildConfiguration section */

/* Begin XCConfigurationList section */
		D7B2B43B1B44D31F00C7BE84 /* Build configuration list for PBXProject "SKProject" */ = {
			isa = XCConfigurationList;
			buildConfigurations = (
				D7B2B4611B44D32500C7BE84 /* Debug */,
				D7B2B4621B44D32500C7BE84 /* Release */,
			);
			defaultConfigurationIsVisible = 0;
			defaultConfigurationName = Release;
		};
		D7B2B4631B44D32500C7BE84 /* Build configuration list for PBXNativeTarget "SKProject" */ = {
			isa = XCConfigurationList;
			buildConfigurations = (
				D7B2B4641B44D32500C7BE84 /* Debug */,
				D7B2B4651B44D32500C7BE84 /* Release */,
			);
			defaultConfigurationIsVisible = 0;
			defaultConfigurationName = Release;
		};
		D7B2B4661B44D32500C7BE84 /* Build configuration list for PBXNativeTarget "SKProjectTests" */ = {
			isa = XCConfigurationList;
			buildConfigurations = (
				D7B2B4671B44D32500C7BE84 /* Debug */,
				D7B2B4681B44D32500C7BE84 /* Release */,
			);
			defaultConfigurationIsVisible = 0;
			defaultConfigurationName = Release;
		};
/* End XCConfigurationList section */
	};
	rootObject = D7B2B4381B44D31F00C7BE84 /* Project object */;
}
