// !$*UTF8*$!
{
	archiveVersion = 1;
	classes = {
	};
	objectVersion = 46;
	objects = {

/* Begin PBXBuildFile section */
		2C02B5CD1CA379C4003F8A28 /* JSONStrToDict.m in Sources */ = {isa = PBXBuildFile; fileRef = 2C02B59E1CA379C4003F8A28 /* JSONStrToDict.m */; };
		2C02B5CE1CA379C4003F8A28 /* NoticeContentView.m in Sources */ = {isa = PBXBuildFile; fileRef = 2C02B5A01CA379C4003F8A28 /* NoticeContentView.m */; };
		2C02B5CF1CA379C4003F8A28 /* NSDictionary+JSON.m in Sources */ = {isa = PBXBuildFile; fileRef = 2C02B5A21CA379C4003F8A28 /* NSDictionary+JSON.m */; };
		2C02B5D01CA379C4003F8A28 /* NSString+JSONCategories.m in Sources */ = {isa = PBXBuildFile; fileRef = 2C02B5A41CA379C4003F8A28 /* NSString+JSONCategories.m */; };
		2C02B5D11CA379C4003F8A28 /* SKBannerView.m in Sources */ = {isa = PBXBuildFile; fileRef = 2C02B5A61CA379C4003F8A28 /* SKBannerView.m */; };
		2C02B5D21CA379C4003F8A28 /* SKBorderView.m in Sources */ = {isa = PBXBuildFile; fileRef = 2C02B5A81CA379C4003F8A28 /* SKBorderView.m */; };
		2C02B5D31CA379C4003F8A28 /* SKImageWithLabel.m in Sources */ = {isa = PBXBuildFile; fileRef = 2C02B5AB1CA379C4003F8A28 /* SKImageWithLabel.m */; };
		2C02B5D41CA379C4003F8A28 /* SKButton.m in Sources */ = {isa = PBXBuildFile; fileRef = 2C02B5AE1CA379C4003F8A28 /* SKButton.m */; };
		2C02B5D51CA379C4003F8A28 /* SKLabel.m in Sources */ = {isa = PBXBuildFile; fileRef = 2C02B5B01CA379C4003F8A28 /* SKLabel.m */; };
		2C02B5D61CA379C4003F8A28 /* SKObject.m in Sources */ = {isa = PBXBuildFile; fileRef = 2C02B5B21CA379C4003F8A28 /* SKObject.m */; };
		2C02B5D71CA379C4003F8A28 /* SKPopoverListView.m in Sources */ = {isa = PBXBuildFile; fileRef = 2C02B5B41CA379C4003F8A28 /* SKPopoverListView.m */; };
		2C02B5D81CA379C4003F8A28 /* SKUserDefaults.m in Sources */ = {isa = PBXBuildFile; fileRef = 2C02B5B61CA379C4003F8A28 /* SKUserDefaults.m */; };
		2C02B5D91CA379C4003F8A28 /* StringUtil.m in Sources */ = {isa = PBXBuildFile; fileRef = 2C02B5B81CA379C4003F8A28 /* StringUtil.m */; };
		2C02B5DA1CA379C4003F8A28 /* TimeUtil.m in Sources */ = {isa = PBXBuildFile; fileRef = 2C02B5BA1CA379C4003F8A28 /* TimeUtil.m */; };
		2C02B5DB1CA379C4003F8A28 /* UIButton+UIButtonImageWithLable.m in Sources */ = {isa = PBXBuildFile; fileRef = 2C02B5BC1CA379C4003F8A28 /* UIButton+UIButtonImageWithLable.m */; };
		2C02B5DC1CA379C4003F8A28 /* UIColor+Extension.m in Sources */ = {isa = PBXBuildFile; fileRef = 2C02B5BE1CA379C4003F8A28 /* UIColor+Extension.m */; };
		2C02B5DD1CA379C4003F8A28 /* UIColor+FromHex.m in Sources */ = {isa = PBXBuildFile; fileRef = 2C02B5C01CA379C4003F8A28 /* UIColor+FromHex.m */; };
		2C02B5DE1CA379C4003F8A28 /* UILabel+AutoSizeMakeWidthORHeight.m in Sources */ = {isa = PBXBuildFile; fileRef = 2C02B5C21CA379C4003F8A28 /* UILabel+AutoSizeMakeWidthORHeight.m */; };
		2C02B5DF1CA379C4003F8A28 /* HTMLStringParser.m in Sources */ = {isa = PBXBuildFile; fileRef = 2C02B5C51CA379C4003F8A28 /* HTMLStringParser.m */; };
		2C02B5E01CA379C4003F8A28 /* XMLDictionary.m in Sources */ = {isa = PBXBuildFile; fileRef = 2C02B5C71CA379C4003F8A28 /* XMLDictionary.m */; };
		2C02B5E11CA379C4003F8A28 /* BottomActionItem.m in Sources */ = {isa = PBXBuildFile; fileRef = 2C02B5CA1CA379C4003F8A28 /* BottomActionItem.m */; };
		2C02B5E21CA379C4003F8A28 /* BottomActionPopview.m in Sources */ = {isa = PBXBuildFile; fileRef = 2C02B5CC1CA379C4003F8A28 /* BottomActionPopview.m */; };
		D72C0A471B783C070010B4B4 /* citydict.plist in Resources */ = {isa = PBXBuildFile; fileRef = D72C0A461B783C070010B4B4 /* citydict.plist */; };
		D7989B461B5E7D8500BCFC8D /* QuartzCore.framework in Frameworks */ = {isa = PBXBuildFile; fileRef = D7989B451B5E7D8500BCFC8D /* QuartzCore.framework */; };
		D7B2B4461B44D32300C7BE84 /* main.m in Sources */ = {isa = PBXBuildFile; fileRef = D7B2B4451B44D32300C7BE84 /* main.m */; };
		D7B2B4491B44D32400C7BE84 /* AppDelegate.m in Sources */ = {isa = PBXBuildFile; fileRef = D7B2B4481B44D32400C7BE84 /* AppDelegate.m */; };
		D7B2B44F1B44D32500C7BE84 /* Main.storyboard in Resources */ = {isa = PBXBuildFile; fileRef = D7B2B44D1B44D32500C7BE84 /* Main.storyboard */; };
		D7B2B4511B44D32500C7BE84 /* Images.xcassets in Resources */ = {isa = PBXBuildFile; fileRef = D7B2B4501B44D32500C7BE84 /* Images.xcassets */; };
		D7B2B4541B44D32500C7BE84 /* LaunchScreen.xib in Resources */ = {isa = PBXBuildFile; fileRef = D7B2B4521B44D32500C7BE84 /* LaunchScreen.xib */; };
		D7B2B4601B44D32500C7BE84 /* SKProjectTests.m in Sources */ = {isa = PBXBuildFile; fileRef = D7B2B45F1B44D32500C7BE84 /* SKProjectTests.m */; };
		D7B2B4731B44D59000C7BE84 /* SKBaseViewController.m in Sources */ = {isa = PBXBuildFile; fileRef = D7B2B4701B44D59000C7BE84 /* SKBaseViewController.m */; };
		D7B2B4741B44D59000C7BE84 /* ViewController.m in Sources */ = {isa = PBXBuildFile; fileRef = D7B2B4721B44D59000C7BE84 /* ViewController.m */; };
/* End PBXBuildFile section */

/* Begin PBXContainerItemProxy section */
		D7B2B45A1B44D32500C7BE84 /* PBXContainerItemProxy */ = {
			isa = PBXContainerItemProxy;
			containerPortal = D7B2B4381B44D31F00C7BE84 /* Project object */;
			proxyType = 1;
			remoteGlobalIDString = D7B2B43F1B44D32000C7BE84;
			remoteInfo = SKProject;
		};
/* End PBXContainerItemProxy section */

/* Begin PBXFileReference section */
		2C02B59D1CA379C4003F8A28 /* JSONStrToDict.h */ = {isa = PBXFileReference; fileEncoding = 4; lastKnownFileType = sourcecode.c.h; path = JSONStrToDict.h; sourceTree = "<group>"; };
		2C02B59E1CA379C4003F8A28 /* JSONStrToDict.m */ = {isa = PBXFileReference; fileEncoding = 4; lastKnownFileType = sourcecode.c.objc; path = JSONStrToDict.m; sourceTree = "<group>"; };
		2C02B59F1CA379C4003F8A28 /* NoticeContentView.h */ = {isa = PBXFileReference; fileEncoding = 4; lastKnownFileType = sourcecode.c.h; path = NoticeContentView.h; sourceTree = "<group>"; };
		2C02B5A01CA379C4003F8A28 /* NoticeContentView.m */ = {isa = PBXFileReference; fileEncoding = 4; lastKnownFileType = sourcecode.c.objc; path = NoticeContentView.m; sourceTree = "<group>"; };
		2C02B5A11CA379C4003F8A28 /* NSDictionary+JSON.h */ = {isa = PBXFileReference; fileEncoding = 4; lastKnownFileType = sourcecode.c.h; path = "NSDictionary+JSON.h"; sourceTree = "<group>"; };
		2C02B5A21CA379C4003F8A28 /* NSDictionary+JSON.m */ = {isa = PBXFileReference; fileEncoding = 4; lastKnownFileType = sourcecode.c.objc; path = "NSDictionary+JSON.m"; sourceTree = "<group>"; };
		2C02B5A31CA379C4003F8A28 /* NSString+JSONCategories.h */ = {isa = PBXFileReference; fileEncoding = 4; lastKnownFileType = sourcecode.c.h; path = "NSString+JSONCategories.h"; sourceTree = "<group>"; };
		2C02B5A41CA379C4003F8A28 /* NSString+JSONCategories.m */ = {isa = PBXFileReference; fileEncoding = 4; lastKnownFileType = sourcecode.c.objc; path = "NSString+JSONCategories.m"; sourceTree = "<group>"; };
		2C02B5A51CA379C4003F8A28 /* SKBannerView.h */ = {isa = PBXFileReference; fileEncoding = 4; lastKnownFileType = sourcecode.c.h; path = SKBannerView.h; sourceTree = "<group>"; };
		2C02B5A61CA379C4003F8A28 /* SKBannerView.m */ = {isa = PBXFileReference; fileEncoding = 4; lastKnownFileType = sourcecode.c.objc; path = SKBannerView.m; sourceTree = "<group>"; };
		2C02B5A71CA379C4003F8A28 /* SKBorderView.h */ = {isa = PBXFileReference; fileEncoding = 4; lastKnownFileType = sourcecode.c.h; path = SKBorderView.h; sourceTree = "<group>"; };
		2C02B5A81CA379C4003F8A28 /* SKBorderView.m */ = {isa = PBXFileReference; fileEncoding = 4; lastKnownFileType = sourcecode.c.objc; path = SKBorderView.m; sourceTree = "<group>"; };
		2C02B5A91CA379C4003F8A28 /* SKConst.h */ = {isa = PBXFileReference; fileEncoding = 4; lastKnownFileType = sourcecode.c.h; path = SKConst.h; sourceTree = "<group>"; };
		2C02B5AA1CA379C4003F8A28 /* SKImageWithLabel.h */ = {isa = PBXFileReference; fileEncoding = 4; lastKnownFileType = sourcecode.c.h; path = SKImageWithLabel.h; sourceTree = "<group>"; };
		2C02B5AB1CA379C4003F8A28 /* SKImageWithLabel.m */ = {isa = PBXFileReference; fileEncoding = 4; lastKnownFileType = sourcecode.c.objc; path = SKImageWithLabel.m; sourceTree = "<group>"; };
		2C02B5AD1CA379C4003F8A28 /* SKButton.h */ = {isa = PBXFileReference; fileEncoding = 4; lastKnownFileType = sourcecode.c.h; path = SKButton.h; sourceTree = "<group>"; };
		2C02B5AE1CA379C4003F8A28 /* SKButton.m */ = {isa = PBXFileReference; fileEncoding = 4; lastKnownFileType = sourcecode.c.objc; path = SKButton.m; sourceTree = "<group>"; };
		2C02B5AF1CA379C4003F8A28 /* SKLabel.h */ = {isa = PBXFileReference; fileEncoding = 4; lastKnownFileType = sourcecode.c.h; path = SKLabel.h; sourceTree = "<group>"; };
		2C02B5B01CA379C4003F8A28 /* SKLabel.m */ = {isa = PBXFileReference; fileEncoding = 4; lastKnownFileType = sourcecode.c.objc; path = SKLabel.m; sourceTree = "<group>"; };
		2C02B5B11CA379C4003F8A28 /* SKObject.h */ = {isa = PBXFileReference; fileEncoding = 4; lastKnownFileType = sourcecode.c.h; path = SKObject.h; sourceTree = "<group>"; };
		2C02B5B21CA379C4003F8A28 /* SKObject.m */ = {isa = PBXFileReference; fileEncoding = 4; lastKnownFileType = sourcecode.c.objc; path = SKObject.m; sourceTree = "<group>"; };
		2C02B5B31CA379C4003F8A28 /* SKPopoverListView.h */ = {isa = PBXFileReference; fileEncoding = 4; lastKnownFileType = sourcecode.c.h; path = SKPopoverListView.h; sourceTree = "<group>"; };
		2C02B5B41CA379C4003F8A28 /* SKPopoverListView.m */ = {isa = PBXFileReference; fileEncoding = 4; lastKnownFileType = sourcecode.c.objc; path = SKPopoverListView.m; sourceTree = "<group>"; };
		2C02B5B51CA379C4003F8A28 /* SKUserDefaults.h */ = {isa = PBXFileReference; fileEncoding = 4; lastKnownFileType = sourcecode.c.h; path = SKUserDefaults.h; sourceTree = "<group>"; };
		2C02B5B61CA379C4003F8A28 /* SKUserDefaults.m */ = {isa = PBXFileReference; fileEncoding = 4; lastKnownFileType = sourcecode.c.objc; path = SKUserDefaults.m; sourceTree = "<group>"; };
		2C02B5B71CA379C4003F8A28 /* StringUtil.h */ = {isa = PBXFileReference; fileEncoding = 4; lastKnownFileType = sourcecode.c.h; path = StringUtil.h; sourceTree = "<group>"; };
		2C02B5B81CA379C4003F8A28 /* StringUtil.m */ = {isa = PBXFileReference; fileEncoding = 4; lastKnownFileType = sourcecode.c.objc; path = StringUtil.m; sourceTree = "<group>"; };
		2C02B5B91CA379C4003F8A28 /* TimeUtil.h */ = {isa = PBXFileReference; fileEncoding = 4; lastKnownFileType = sourcecode.c.h; path = TimeUtil.h; sourceTree = "<group>"; };
		2C02B5BA1CA379C4003F8A28 /* TimeUtil.m */ = {isa = PBXFileReference; fileEncoding = 4; lastKnownFileType = sourcecode.c.objc; path = TimeUtil.m; sourceTree = "<group>"; };
		2C02B5BB1CA379C4003F8A28 /* UIButton+UIButtonImageWithLable.h */ = {isa = PBXFileReference; fileEncoding = 4; lastKnownFileType = sourcecode.c.h; path = "UIButton+UIButtonImageWithLable.h"; sourceTree = "<group>"; };
		2C02B5BC1CA379C4003F8A28 /* UIButton+UIButtonImageWithLable.m */ = {isa = PBXFileReference; fileEncoding = 4; lastKnownFileType = sourcecode.c.objc; path = "UIButton+UIButtonImageWithLable.m"; sourceTree = "<group>"; };
		2C02B5BD1CA379C4003F8A28 /* UIColor+Extension.h */ = {isa = PBXFileReference; fileEncoding = 4; lastKnownFileType = sourcecode.c.h; path = "UIColor+Extension.h"; sourceTree = "<group>"; };
		2C02B5BE1CA379C4003F8A28 /* UIColor+Extension.m */ = {isa = PBXFileReference; fileEncoding = 4; lastKnownFileType = sourcecode.c.objc; path = "UIColor+Extension.m"; sourceTree = "<group>"; };
		2C02B5BF1CA379C4003F8A28 /* UIColor+FromHex.h */ = {isa = PBXFileReference; fileEncoding = 4; lastKnownFileType = sourcecode.c.h; path = "UIColor+FromHex.h"; sourceTree = "<group>"; };
		2C02B5C01CA379C4003F8A28 /* UIColor+FromHex.m */ = {isa = PBXFileReference; fileEncoding = 4; lastKnownFileType = sourcecode.c.objc; path = "UIColor+FromHex.m"; sourceTree = "<group>"; };
		2C02B5C11CA379C4003F8A28 /* UILabel+AutoSizeMakeWidthORHeight.h */ = {isa = PBXFileReference; fileEncoding = 4; lastKnownFileType = sourcecode.c.h; path = "UILabel+AutoSizeMakeWidthORHeight.h"; sourceTree = "<group>"; };
		2C02B5C21CA379C4003F8A28 /* UILabel+AutoSizeMakeWidthORHeight.m */ = {isa = PBXFileReference; fileEncoding = 4; lastKnownFileType = sourcecode.c.objc; path = "UILabel+AutoSizeMakeWidthORHeight.m"; sourceTree = "<group>"; };
		2C02B5C41CA379C4003F8A28 /* HTMLStringParser.h */ = {isa = PBXFileReference; fileEncoding = 4; lastKnownFileType = sourcecode.c.h; path = HTMLStringParser.h; sourceTree = "<group>"; };
		2C02B5C51CA379C4003F8A28 /* HTMLStringParser.m */ = {isa = PBXFileReference; fileEncoding = 4; lastKnownFileType = sourcecode.c.objc; path = HTMLStringParser.m; sourceTree = "<group>"; };
		2C02B5C61CA379C4003F8A28 /* XMLDictionary.h */ = {isa = PBXFileReference; fileEncoding = 4; lastKnownFileType = sourcecode.c.h; path = XMLDictionary.h; sourceTree = "<group>"; };
		2C02B5C71CA379C4003F8A28 /* XMLDictionary.m */ = {isa = PBXFileReference; fileEncoding = 4; lastKnownFileType = sourcecode.c.objc; path = XMLDictionary.m; sourceTree = "<group>"; };
		2C02B5C91CA379C4003F8A28 /* BottomActionItem.h */ = {isa = PBXFileReference; fileEncoding = 4; lastKnownFileType = sourcecode.c.h; path = BottomActionItem.h; sourceTree = "<group>"; };
		2C02B5CA1CA379C4003F8A28 /* BottomActionItem.m */ = {isa = PBXFileReference; fileEncoding = 4; lastKnownFileType = sourcecode.c.objc; path = BottomActionItem.m; sourceTree = "<group>"; };
		2C02B5CB1CA379C4003F8A28 /* BottomActionPopview.h */ = {isa = PBXFileReference; fileEncoding = 4; lastKnownFileType = sourcecode.c.h; path = BottomActionPopview.h; sourceTree = "<group>"; };
		2C02B5CC1CA379C4003F8A28 /* BottomActionPopview.m */ = {isa = PBXFileReference; fileEncoding = 4; lastKnownFileType = sourcecode.c.objc; path = BottomActionPopview.m; sourceTree = "<group>"; };
		D72C0A461B783C070010B4B4 /* citydict.plist */ = {isa = PBXFileReference; fileEncoding = 4; lastKnownFileType = text.plist.xml; path = citydict.plist; sourceTree = "<group>"; };
		D7989B451B5E7D8500BCFC8D /* QuartzCore.framework */ = {isa = PBXFileReference; lastKnownFileType = wrapper.framework; name = QuartzCore.framework; path = System/Library/Frameworks/QuartzCore.framework; sourceTree = SDKROOT; };
		D7B2B4401B44D32100C7BE84 /* SKProject.app */ = {isa = PBXFileReference; explicitFileType = wrapper.application; includeInIndex = 0; path = SKProject.app; sourceTree = BUILT_PRODUCTS_DIR; };
		D7B2B4441B44D32300C7BE84 /* Info.plist */ = {isa = PBXFileReference; lastKnownFileType = text.plist.xml; path = Info.plist; sourceTree = "<group>"; };
		D7B2B4451B44D32300C7BE84 /* main.m */ = {isa = PBXFileReference; lastKnownFileType = sourcecode.c.objc; path = main.m; sourceTree = "<group>"; };
		D7B2B4471B44D32400C7BE84 /* AppDelegate.h */ = {isa = PBXFileReference; lastKnownFileType = sourcecode.c.h; path = AppDelegate.h; sourceTree = "<group>"; };
		D7B2B4481B44D32400C7BE84 /* AppDelegate.m */ = {isa = PBXFileReference; lastKnownFileType = sourcecode.c.objc; path = AppDelegate.m; sourceTree = "<group>"; };
		D7B2B44E1B44D32500C7BE84 /* Base */ = {isa = PBXFileReference; lastKnownFileType = file.storyboard; name = Base; path = Base.lproj/Main.storyboard; sourceTree = "<group>"; };
		D7B2B4501B44D32500C7BE84 /* Images.xcassets */ = {isa = PBXFileReference; lastKnownFileType = folder.assetcatalog; path = Images.xcassets; sourceTree = "<group>"; };
		D7B2B4531B44D32500C7BE84 /* Base */ = {isa = PBXFileReference; lastKnownFileType = file.xib; name = Base; path = Base.lproj/LaunchScreen.xib; sourceTree = "<group>"; };
		D7B2B4591B44D32500C7BE84 /* SKProjectTests.xctest */ = {isa = PBXFileReference; explicitFileType = wrapper.cfbundle; includeInIndex = 0; path = SKProjectTests.xctest; sourceTree = BUILT_PRODUCTS_DIR; };
		D7B2B45E1B44D32500C7BE84 /* Info.plist */ = {isa = PBXFileReference; lastKnownFileType = text.plist.xml; path = Info.plist; sourceTree = "<group>"; };
		D7B2B45F1B44D32500C7BE84 /* SKProjectTests.m */ = {isa = PBXFileReference; lastKnownFileType = sourcecode.c.objc; path = SKProjectTests.m; sourceTree = "<group>"; };
		D7B2B46F1B44D59000C7BE84 /* SKBaseViewController.h */ = {isa = PBXFileReference; fileEncoding = 4; lastKnownFileType = sourcecode.c.h; path = SKBaseViewController.h; sourceTree = "<group>"; };
		D7B2B4701B44D59000C7BE84 /* SKBaseViewController.m */ = {isa = PBXFileReference; fileEncoding = 4; lastKnownFileType = sourcecode.c.objc; path = SKBaseViewController.m; sourceTree = "<group>"; };
		D7B2B4711B44D59000C7BE84 /* ViewController.h */ = {isa = PBXFileReference; fileEncoding = 4; lastKnownFileType = sourcecode.c.h; path = ViewController.h; sourceTree = "<group>"; };
		D7B2B4721B44D59000C7BE84 /* ViewController.m */ = {isa = PBXFileReference; fileEncoding = 4; lastKnownFileType = sourcecode.c.objc; path = ViewController.m; sourceTree = "<group>"; };
/* End PBXFileReference section */

/* Begin PBXFrameworksBuildPhase section */
		D7B2B43D1B44D32000C7BE84 /* Frameworks */ = {
			isa = PBXFrameworksBuildPhase;
			buildActionMask = 2147483647;
			files = (
				D7989B461B5E7D8500BCFC8D /* QuartzCore.framework in Frameworks */,
			);
			runOnlyForDeploymentPostprocessing = 0;
		};
		D7B2B4561B44D32500C7BE84 /* Frameworks */ = {
			isa = PBXFrameworksBuildPhase;
			buildActionMask = 2147483647;
			files = (
			);
			runOnlyForDeploymentPostprocessing = 0;
		};
/* End PBXFrameworksBuildPhase section */

/* Begin PBXGroup section */
		2C02B59C1CA379C4003F8A28 /* SKTools */ = {
			isa = PBXGroup;
			children = (
				2C02B59D1CA379C4003F8A28 /* JSONStrToDict.h */,
				2C02B59E1CA379C4003F8A28 /* JSONStrToDict.m */,
				2C02B59F1CA379C4003F8A28 /* NoticeContentView.h */,
				2C02B5A01CA379C4003F8A28 /* NoticeContentView.m */,
				2C02B5A11CA379C4003F8A28 /* NSDictionary+JSON.h */,
				2C02B5A21CA379C4003F8A28 /* NSDictionary+JSON.m */,
				2C02B5A31CA379C4003F8A28 /* NSString+JSONCategories.h */,
				2C02B5A41CA379C4003F8A28 /* NSString+JSONCategories.m */,
				2C02B5A51CA379C4003F8A28 /* SKBannerView.h */,
				2C02B5A61CA379C4003F8A28 /* SKBannerView.m */,
				2C02B5A71CA379C4003F8A28 /* SKBorderView.h */,
				2C02B5A81CA379C4003F8A28 /* SKBorderView.m */,
				2C02B5A91CA379C4003F8A28 /* SKConst.h */,
				2C02B5AA1CA379C4003F8A28 /* SKImageWithLabel.h */,
				2C02B5AB1CA379C4003F8A28 /* SKImageWithLabel.m */,
				2C02B5AC1CA379C4003F8A28 /* SKKit */,
				2C02B5B31CA379C4003F8A28 /* SKPopoverListView.h */,
				2C02B5B41CA379C4003F8A28 /* SKPopoverListView.m */,
				2C02B5B51CA379C4003F8A28 /* SKUserDefaults.h */,
				2C02B5B61CA379C4003F8A28 /* SKUserDefaults.m */,
				2C02B5B71CA379C4003F8A28 /* StringUtil.h */,
				2C02B5B81CA379C4003F8A28 /* StringUtil.m */,
				2C02B5B91CA379C4003F8A28 /* TimeUtil.h */,
				2C02B5BA1CA379C4003F8A28 /* TimeUtil.m */,
				2C02B5BB1CA379C4003F8A28 /* UIButton+UIButtonImageWithLable.h */,
				2C02B5BC1CA379C4003F8A28 /* UIButton+UIButtonImageWithLable.m */,
				2C02B5BD1CA379C4003F8A28 /* UIColor+Extension.h */,
				2C02B5BE1CA379C4003F8A28 /* UIColor+Extension.m */,
				2C02B5BF1CA379C4003F8A28 /* UIColor+FromHex.h */,
				2C02B5C01CA379C4003F8A28 /* UIColor+FromHex.m */,
				2C02B5C11CA379C4003F8A28 /* UILabel+AutoSizeMakeWidthORHeight.h */,
				2C02B5C21CA379C4003F8A28 /* UILabel+AutoSizeMakeWidthORHeight.m */,
				2C02B5C31CA379C4003F8A28 /* webview调整 */,
				2C02B5C61CA379C4003F8A28 /* XMLDictionary.h */,
				2C02B5C71CA379C4003F8A28 /* XMLDictionary.m */,
				2C02B5C81CA379C4003F8A28 /* 底部弹出视图 */,
			);
			path = SKTools;
			sourceTree = "<group>";
		};
		2C02B5AC1CA379C4003F8A28 /* SKKit */ = {
			isa = PBXGroup;
			children = (
				2C02B5AD1CA379C4003F8A28 /* SKButton.h */,
				2C02B5AE1CA379C4003F8A28 /* SKButton.m */,
				2C02B5AF1CA379C4003F8A28 /* SKLabel.h */,
				2C02B5B01CA379C4003F8A28 /* SKLabel.m */,
				2C02B5B11CA379C4003F8A28 /* SKObject.h */,
				2C02B5B21CA379C4003F8A28 /* SKObject.m */,
			);
			path = SKKit;
			sourceTree = "<group>";
		};
		2C02B5C31CA379C4003F8A28 /* webview调整 */ = {
			isa = PBXGroup;
			children = (
				2C02B5C41CA379C4003F8A28 /* HTMLStringParser.h */,
				2C02B5C51CA379C4003F8A28 /* HTMLStringParser.m */,
			);
			path = "webview调整";
			sourceTree = "<group>";
		};
		2C02B5C81CA379C4003F8A28 /* 底部弹出视图 */ = {
			isa = PBXGroup;
			children = (
				2C02B5C91CA379C4003F8A28 /* BottomActionItem.h */,
				2C02B5CA1CA379C4003F8A28 /* BottomActionItem.m */,
				2C02B5CB1CA379C4003F8A28 /* BottomActionPopview.h */,
				2C02B5CC1CA379C4003F8A28 /* BottomActionPopview.m */,
			);
			path = "底部弹出视图";
			sourceTree = "<group>";
		};
		D7B2B4371B44D31E00C7BE84 = {
			isa = PBXGroup;
			children = (
				D7989B451B5E7D8500BCFC8D /* QuartzCore.framework */,
				D7B2B4421B44D32100C7BE84 /* SKProject */,
				D7B2B45C1B44D32500C7BE84 /* SKProjectTests */,
				D7B2B4411B44D32100C7BE84 /* Products */,
			);
			sourceTree = "<group>";
		};
		D7B2B4411B44D32100C7BE84 /* Products */ = {
			isa = PBXGroup;
			children = (
				D7B2B4401B44D32100C7BE84 /* SKProject.app */,
				D7B2B4591B44D32500C7BE84 /* SKProjectTests.xctest */,
			);
			name = Products;
			sourceTree = "<group>";
		};
		D7B2B4421B44D32100C7BE84 /* SKProject */ = {
			isa = PBXGroup;
			children = (
				2C02B59C1CA379C4003F8A28 /* SKTools */,
				D7B2B46C1B44D55D00C7BE84 /* SKControllers */,
				D7B2B4471B44D32400C7BE84 /* AppDelegate.h */,
				D7B2B4481B44D32400C7BE84 /* AppDelegate.m */,
				D72C0A461B783C070010B4B4 /* citydict.plist */,
				D7B2B44D1B44D32500C7BE84 /* Main.storyboard */,
				D7B2B4501B44D32500C7BE84 /* Images.xcassets */,
				D7B2B4521B44D32500C7BE84 /* LaunchScreen.xib */,
				D7B2B4431B44D32200C7BE84 /* Supporting Files */,
			);
			path = SKProject;
			sourceTree = "<group>";
		};
		D7B2B4431B44D32200C7BE84 /* Supporting Files */ = {
			isa = PBXGroup;
			children = (
				D7B2B4441B44D32300C7BE84 /* Info.plist */,
				D7B2B4451B44D32300C7BE84 /* main.m */,
			);
			name = "Supporting Files";
			sourceTree = "<group>";
		};
		D7B2B45C1B44D32500C7BE84 /* SKProjectTests */ = {
			isa = PBXGroup;
			children = (
				D7B2B45F1B44D32500C7BE84 /* SKProjectTests.m */,
				D7B2B45D1B44D32500C7BE84 /* Supporting Files */,
			);
			path = SKProjectTests;
			sourceTree = "<group>";
		};
		D7B2B45D1B44D32500C7BE84 /* Supporting Files */ = {
			isa = PBXGroup;
			children = (
				D7B2B45E1B44D32500C7BE84 /* Info.plist */,
			);
			name = "Supporting Files";
			sourceTree = "<group>";
		};
		D7B2B46C1B44D55D00C7BE84 /* SKControllers */ = {
			isa = PBXGroup;
			children = (
				D7B2B46F1B44D59000C7BE84 /* SKBaseViewController.h */,
				D7B2B4701B44D59000C7BE84 /* SKBaseViewController.m */,
				D7B2B4711B44D59000C7BE84 /* ViewController.h */,
				D7B2B4721B44D59000C7BE84 /* ViewController.m */,
			);
			path = SKControllers;
			sourceTree = "<group>";
		};
/* End PBXGroup section */

/* Begin PBXNativeTarget section */
		D7B2B43F1B44D32000C7BE84 /* SKProject */ = {
			isa = PBXNativeTarget;
			buildConfigurationList = D7B2B4631B44D32500C7BE84 /* Build configuration list for PBXNativeTarget "SKProject" */;
			buildPhases = (
				D7B2B43C1B44D32000C7BE84 /* Sources */,
				D7B2B43D1B44D32000C7BE84 /* Frameworks */,
				D7B2B43E1B44D32000C7BE84 /* Resources */,
			);
			buildRules = (
			);
			dependencies = (
			);
			name = SKProject;
			productName = SKProject;
			productReference = D7B2B4401B44D32100C7BE84 /* SKProject.app */;
			productType = "com.apple.product-type.application";
		};
		D7B2B4581B44D32500C7BE84 /* SKProjectTests */ = {
			isa = PBXNativeTarget;
			buildConfigurationList = D7B2B4661B44D32500C7BE84 /* Build configuration list for PBXNativeTarget "SKProjectTests" */;
			buildPhases = (
				D7B2B4551B44D32500C7BE84 /* Sources */,
				D7B2B4561B44D32500C7BE84 /* Frameworks */,
				D7B2B4571B44D32500C7BE84 /* Resources */,
			);
			buildRules = (
			);
			dependencies = (
				D7B2B45B1B44D32500C7BE84 /* PBXTargetDependency */,
			);
			name = SKProjectTests;
			productName = SKProjectTests;
			productReference = D7B2B4591B44D32500C7BE84 /* SKProjectTests.xctest */;
			productType = "com.apple.product-type.bundle.unit-test";
		};
/* End PBXNativeTarget section */

/* Begin PBXProject section */
		D7B2B4381B44D31F00C7BE84 /* Project object */ = {
			isa = PBXProject;
			attributes = {
				LastUpgradeCheck = 0640;
				ORGANIZATIONNAME = shaveKevin;
				TargetAttributes = {
					D7B2B43F1B44D32000C7BE84 = {
						CreatedOnToolsVersion = 6.4;
					};
					D7B2B4581B44D32500C7BE84 = {
						CreatedOnToolsVersion = 6.4;
						TestTargetID = D7B2B43F1B44D32000C7BE84;
					};
				};
			};
			buildConfigurationList = D7B2B43B1B44D31F00C7BE84 /* Build configuration list for PBXProject "SKProject" */;
			compatibilityVersion = "Xcode 3.2";
			developmentRegion = English;
			hasScannedForEncodings = 0;
			knownRegions = (
				en,
				Base,
			);
			mainGroup = D7B2B4371B44D31E00C7BE84;
			productRefGroup = D7B2B4411B44D32100C7BE84 /* Products */;
			projectDirPath = "";
			projectRoot = "";
			targets = (
				D7B2B43F1B44D32000C7BE84 /* SKProject */,
				D7B2B4581B44D32500C7BE84 /* SKProjectTests */,
			);
		};
/* End PBXProject section */

/* Begin PBXResourcesBuildPhase section */
		D7B2B43E1B44D32000C7BE84 /* Resources */ = {
			isa = PBXResourcesBuildPhase;
			buildActionMask = 2147483647;
			files = (
				D7B2B44F1B44D32500C7BE84 /* Main.storyboard in Resources */,
				D72C0A471B783C070010B4B4 /* citydict.plist in Resources */,
				D7B2B4541B44D32500C7BE84 /* LaunchScreen.xib in Resources */,
				D7B2B4511B44D32500C7BE84 /* Images.xcassets in Resources */,
			);
			runOnlyForDeploymentPostprocessing = 0;
		};
		D7B2B4571B44D32500C7BE84 /* Resources */ = {
			isa = PBXResourcesBuildPhase;
			buildActionMask = 2147483647;
			files = (
			);
			runOnlyForDeploymentPostprocessing = 0;
		};
/* End PBXResourcesBuildPhase section */

/* Begin PBXSourcesBuildPhase section */
		D7B2B43C1B44D32000C7BE84 /* Sources */ = {
			isa = PBXSourcesBuildPhase;
			buildActionMask = 2147483647;
			files = (
				2C02B5D81CA379C4003F8A28 /* SKUserDefaults.m in Sources */,
				2C02B5E11CA379C4003F8A28 /* BottomActionItem.m in Sources */,
				D7B2B4731B44D59000C7BE84 /* SKBaseViewController.m in Sources */,
				2C02B5D11CA379C4003F8A28 /* SKBannerView.m in Sources */,
				2C02B5DF1CA379C4003F8A28 /* HTMLStringParser.m in Sources */,
				2C02B5CD1CA379C4003F8A28 /* JSONStrToDict.m in Sources */,
				2C02B5CE1CA379C4003F8A28 /* NoticeContentView.m in Sources */,
				2C02B5DB1CA379C4003F8A28 /* UIButton+UIButtonImageWithLable.m in Sources */,
				2C02B5D71CA379C4003F8A28 /* SKPopoverListView.m in Sources */,
				2C02B5DC1CA379C4003F8A28 /* UIColor+Extension.m in Sources */,
				2C02B5D31CA379C4003F8A28 /* SKImageWithLabel.m in Sources */,
				2C02B5E21CA379C4003F8A28 /* BottomActionPopview.m in Sources */,
				2C02B5D21CA379C4003F8A28 /* SKBorderView.m in Sources */,
				2C02B5CF1CA379C4003F8A28 /* NSDictionary+JSON.m in Sources */,
				2C02B5D51CA379C4003F8A28 /* SKLabel.m in Sources */,
				2C02B5DD1CA379C4003F8A28 /* UIColor+FromHex.m in Sources */,
				D7B2B4491B44D32400C7BE84 /* AppDelegate.m in Sources */,
				D7B2B4741B44D59000C7BE84 /* ViewController.m in Sources */,
				D7B2B4461B44D32300C7BE84 /* main.m in Sources */,
				2C02B5E01CA379C4003F8A28 /* XMLDictionary.m in Sources */,
				2C02B5D01CA379C4003F8A28 /* NSString+JSONCategories.m in Sources */,
				2C02B5DA1CA379C4003F8A28 /* TimeUtil.m in Sources */,
				2C02B5D91CA379C4003F8A28 /* StringUtil.m in Sources */,
				2C02B5DE1CA379C4003F8A28 /* UILabel+AutoSizeMakeWidthORHeight.m in Sources */,
				2C02B5D61CA379C4003F8A28 /* SKObject.m in Sources */,
				2C02B5D41CA379C4003F8A28 /* SKButton.m in Sources */,
			);
			runOnlyForDeploymentPostprocessing = 0;
		};
		D7B2B4551B44D32500C7BE84 /* Sources */ = {
			isa = PBXSourcesBuildPhase;
			buildActionMask = 2147483647;
			files = (
				D7B2B4601B44D32500C7BE84 /* SKProjectTests.m in Sources */,
			);
			runOnlyForDeploymentPostprocessing = 0;
		};
/* End PBXSourcesBuildPhase section */

/* Begin PBXTargetDependency section */
		D7B2B45B1B44D32500C7BE84 /* PBXTargetDependency */ = {
			isa = PBXTargetDependency;
			target = D7B2B43F1B44D32000C7BE84 /* SKProject */;
			targetProxy = D7B2B45A1B44D32500C7BE84 /* PBXContainerItemProxy */;
		};
/* End PBXTargetDependency section */

/* Begin PBXVariantGroup section */
		D7B2B44D1B44D32500C7BE84 /* Main.storyboard */ = {
			isa = PBXVariantGroup;
			children = (
				D7B2B44E1B44D32500C7BE84 /* Base */,
			);
			name = Main.storyboard;
			sourceTree = "<group>";
		};
		D7B2B4521B44D32500C7BE84 /* LaunchScreen.xib */ = {
			isa = PBXVariantGroup;
			children = (
				D7B2B4531B44D32500C7BE84 /* Base */,
			);
			name = LaunchScreen.xib;
			sourceTree = "<group>";
		};
/* End PBXVariantGroup section */

/* Begin XCBuildConfiguration section */
		D7B2B4611B44D32500C7BE84 /* Debug */ = {
			isa = XCBuildConfiguration;
			buildSettings = {
				ALWAYS_SEARCH_USER_PATHS = NO;
				CLANG_CXX_LANGUAGE_STANDARD = "gnu++0x";
				CLANG_CXX_LIBRARY = "libc++";
				CLANG_ENABLE_MODULES = YES;
				CLANG_ENABLE_OBJC_ARC = YES;
				CLANG_WARN_BOOL_CONVERSION = YES;
				CLANG_WARN_CONSTANT_CONVERSION = YES;
				CLANG_WARN_DIRECT_OBJC_ISA_USAGE = YES_ERROR;
				CLANG_WARN_EMPTY_BODY = YES;
				CLANG_WARN_ENUM_CONVERSION = YES;
				CLANG_WARN_INT_CONVERSION = YES;
				CLANG_WARN_OBJC_ROOT_CLASS = YES_ERROR;
				CLANG_WARN_UNREACHABLE_CODE = YES;
				CLANG_WARN__DUPLICATE_METHOD_MATCH = YES;
				"CODE_SIGN_IDENTITY[sdk=iphoneos*]" = "iPhone Developer";
				COPY_PHASE_STRIP = NO;
				DEBUG_INFORMATION_FORMAT = "dwarf-with-dsym";
				ENABLE_STRICT_OBJC_MSGSEND = YES;
				GCC_C_LANGUAGE_STANDARD = gnu99;
				GCC_DYNAMIC_NO_PIC = NO;
				GCC_NO_COMMON_BLOCKS = YES;
				GCC_OPTIMIZATION_LEVEL = 0;
				GCC_PREPROCESSOR_DEFINITIONS = (
					"DEBUG=1",
					"$(inherited)",
				);
				GCC_SYMBOLS_PRIVATE_EXTERN = NO;
				GCC_WARN_64_TO_32_BIT_CONVERSION = YES;
				GCC_WARN_ABOUT_RETURN_TYPE = YES_ERROR;
				GCC_WARN_UNDECLARED_SELECTOR = YES;
				GCC_WARN_UNINITIALIZED_AUTOS = YES_AGGRESSIVE;
				GCC_WARN_UNUSED_FUNCTION = YES;
				GCC_WARN_UNUSED_VARIABLE = YES;
				IPHONEOS_DEPLOYMENT_TARGET = 8.4;
				MTL_ENABLE_DEBUG_INFO = YES;
				ONLY_ACTIVE_ARCH = YES;
				SDKROOT = iphoneos;
			};
			name = Debug;
		};
		D7B2B4621B44D32500C7BE84 /* Release */ = {
			isa = XCBuildConfiguration;
			buildSettings = {
				ALWAYS_SEARCH_USER_PATHS = NO;
				CLANG_CXX_LANGUAGE_STANDARD = "gnu++0x";
				CLANG_CXX_LIBRARY = "libc++";
				CLANG_ENABLE_MODULES = YES;
				CLANG_ENABLE_OBJC_ARC = YES;
				CLANG_WARN_BOOL_CONVERSION = YES;
				CLANG_WARN_CONSTANT_CONVERSION = YES;
				CLANG_WARN_DIRECT_OBJC_ISA_USAGE = YES_ERROR;
				CLANG_WARN_EMPTY_BODY = YES;
				CLANG_WARN_ENUM_CONVERSION = YES;
				CLANG_WARN_INT_CONVERSION = YES;
				CLANG_WARN_OBJC_ROOT_CLASS = YES_ERROR;
				CLANG_WARN_UNREACHABLE_CODE = YES;
				CLANG_WARN__DUPLICATE_METHOD_MATCH = YES;
				"CODE_SIGN_IDENTITY[sdk=iphoneos*]" = "iPhone Developer";
				COPY_PHASE_STRIP = NO;
				DEBUG_INFORMATION_FORMAT = "dwarf-with-dsym";
				ENABLE_NS_ASSERTIONS = NO;
				ENABLE_STRICT_OBJC_MSGSEND = YES;
				GCC_C_LANGUAGE_STANDARD = gnu99;
				GCC_NO_COMMON_BLOCKS = YES;
				GCC_WARN_64_TO_32_BIT_CONVERSION = YES;
				GCC_WARN_ABOUT_RETURN_TYPE = YES_ERROR;
				GCC_WARN_UNDECLARED_SELECTOR = YES;
				GCC_WARN_UNINITIALIZED_AUTOS = YES_AGGRESSIVE;
				GCC_WARN_UNUSED_FUNCTION = YES;
				GCC_WARN_UNUSED_VARIABLE = YES;
				IPHONEOS_DEPLOYMENT_TARGET = 8.4;
				MTL_ENABLE_DEBUG_INFO = NO;
				SDKROOT = iphoneos;
				VALIDATE_PRODUCT = YES;
			};
			name = Release;
		};
		D7B2B4641B44D32500C7BE84 /* Debug */ = {
			isa = XCBuildConfiguration;
			buildSettings = {
				ASSETCATALOG_COMPILER_APPICON_NAME = AppIcon;
				INFOPLIST_FILE = SKProject/Info.plist;
				LD_RUNPATH_SEARCH_PATHS = "$(inherited) @executable_path/Frameworks";
				PRODUCT_NAME = "$(TARGET_NAME)";
			};
			name = Debug;
		};
		D7B2B4651B44D32500C7BE84 /* Release */ = {
			isa = XCBuildConfiguration;
			buildSettings = {
				ASSETCATALOG_COMPILER_APPICON_NAME = AppIcon;
				INFOPLIST_FILE = SKProject/Info.plist;
				LD_RUNPATH_SEARCH_PATHS = "$(inherited) @executable_path/Frameworks";
				PRODUCT_NAME = "$(TARGET_NAME)";
			};
			name = Release;
		};
		D7B2B4671B44D32500C7BE84 /* Debug */ = {
			isa = XCBuildConfiguration;
			buildSettings = {
				BUNDLE_LOADER = "$(TEST_HOST)";
				FRAMEWORK_SEARCH_PATHS = (
					"$(SDKROOT)/Developer/Library/Frameworks",
					"$(inherited)",
				);
				GCC_PREPROCESSOR_DEFINITIONS = (
					"DEBUG=1",
					"$(inherited)",
				);
				INFOPLIST_FILE = SKProjectTests/Info.plist;
				LD_RUNPATH_SEARCH_PATHS = "$(inherited) @executable_path/Frameworks @loader_path/Frameworks";
				PRODUCT_NAME = "$(TARGET_NAME)";
				TEST_HOST = "$(BUILT_PRODUCTS_DIR)/SKProject.app/SKProject";
			};
			name = Debug;
		};
		D7B2B4681B44D32500C7BE84 /* Release */ = {
			isa = XCBuildConfiguration;
			buildSettings = {
				BUNDLE_LOADER = "$(TEST_HOST)";
				FRAMEWORK_SEARCH_PATHS = (
					"$(SDKROOT)/Developer/Library/Frameworks",
					"$(inherited)",
				);
				INFOPLIST_FILE = SKProjectTests/Info.plist;
				LD_RUNPATH_SEARCH_PATHS = "$(inherited) @executable_path/Frameworks @loader_path/Frameworks";
				PRODUCT_NAME = "$(TARGET_NAME)";
				TEST_HOST = "$(BUILT_PRODUCTS_DIR)/SKProject.app/SKProject";
			};
			name = Release;
		};
/* End XCBuildConfiguration section */

/* Begin XCConfigurationList section */
		D7B2B43B1B44D31F00C7BE84 /* Build configuration list for PBXProject "SKProject" */ = {
			isa = XCConfigurationList;
			buildConfigurations = (
				D7B2B4611B44D32500C7BE84 /* Debug */,
				D7B2B4621B44D32500C7BE84 /* Release */,
			);
			defaultConfigurationIsVisible = 0;
			defaultConfigurationName = Release;
		};
		D7B2B4631B44D32500C7BE84 /* Build configuration list for PBXNativeTarget "SKProject" */ = {
			isa = XCConfigurationList;
			buildConfigurations = (
				D7B2B4641B44D32500C7BE84 /* Debug */,
				D7B2B4651B44D32500C7BE84 /* Release */,
			);
			defaultConfigurationIsVisible = 0;
			defaultConfigurationName = Release;
		};
		D7B2B4661B44D32500C7BE84 /* Build configuration list for PBXNativeTarget "SKProjectTests" */ = {
			isa = XCConfigurationList;
			buildConfigurations = (
				D7B2B4671B44D32500C7BE84 /* Debug */,
				D7B2B4681B44D32500C7BE84 /* Release */,
			);
			defaultConfigurationIsVisible = 0;
			defaultConfigurationName = Release;
		};
/* End XCConfigurationList section */
	};
	rootObject = D7B2B4381B44D31F00C7BE84 /* Project object */;
}
